
Microsoft Visual Studio Solution File, Format Version 12.00
# Visual Studio Version 17
VisualStudioVersion = 17.0.31903.59
MinimumVisualStudioVersion = 10.0.40219.1
Project("{FAE04EC0-301F-11D3-BF4B-00C04F79EFBC}") = "GoalAcademyCRM.Api", "GoalAcademyCRM.Api\GoalAcademyCRM.Api.csproj", "{462F943F-CFDC-414A-9558-71BF8223F094}"
EndProject
Project("{FAE04EC0-301F-11D3-BF4B-00C04F79EFBC}") = "GoalAcademyCRM.Api.Tests.Unit", "GoalAcademyCRM.Api.Tests.Unit\GoalAcademyCRM.Api.Tests.Unit.csproj", "{1D7E1E65-5453-4E56-8658-B70151C750D8}"
EndProject
Project("{FAE04EC0-301F-11D3-BF4B-00C04F79EFBC}") = "GoalAcademyCRM.Infrastructure.Build", "GoalAcademyCRM.Infrastructure.Build\GoalAcademyCRM.Infrastructure.Build.csproj", "{8417C971-577F-423B-915A-59ECAA9DE290}"
EndProject
Global
	GlobalSection(SolutionConfigurationPlatforms) = preSolution
		Debug|Any CPU = Debug|Any CPU
		Release|Any CPU = Release|Any CPU
	EndGlobalSection
	GlobalSection(SolutionProperties) = preSolution
		HideSolutionNode = FALSE
	EndGlobalSection
	GlobalSection(ProjectConfigurationPlatforms) = postSolution
		{462F943F-CFDC-414A-9558-71BF8223F094}.Debug|Any CPU.ActiveCfg = Debug|Any CPU
		{462F943F-CFDC-414A-9558-71BF8223F094}.Debug|Any CPU.Build.0 = Debug|Any CPU
		{462F943F-CFDC-414A-9558-71BF8223F094}.Release|Any CPU.ActiveCfg = Release|Any CPU
		{462F943F-CFDC-414A-9558-71BF8223F094}.Release|Any CPU.Build.0 = Release|Any CPU
		{1D7E1E65-5453-4E56-8658-B70151C750D8}.Debug|Any CPU.ActiveCfg = Debug|Any CPU
		{1D7E1E65-5453-4E56-8658-B70151C750D8}.Debug|Any CPU.Build.0 = Debug|Any CPU
		{1D7E1E65-5453-4E56-8658-B70151C750D8}.Release|Any CPU.ActiveCfg = Release|Any CPU
		{1D7E1E65-5453-4E56-8658-B70151C750D8}.Release|Any CPU.Build.0 = Release|Any CPU
		{8417C971-577F-423B-915A-59ECAA9DE290}.Debug|Any CPU.ActiveCfg = Debug|Any CPU
		{8417C971-577F-423B-915A-59ECAA9DE290}.Debug|Any CPU.Build.0 = Debug|Any CPU
		{8417C971-577F-423B-915A-59ECAA9DE290}.Release|Any CPU.ActiveCfg = Release|Any CPU
		{8417C971-577F-423B-915A-59ECAA9DE290}.Release|Any CPU.Build.0 = Release|Any CPU
	EndGlobalSection
EndGlobal
